{
  "nodes": {
    "libft": {
      "inputs": {
        "nixpkgs": "nixpkgs"
      },
      "locked": {
        "lastModified": 1713214000,
        "narHash": "sha256-o8zjP8qJ+WxSbUjTJlWakuzSOH1eYZx2H35lPZ9J2nM=",
        "owner": "vinicius507",
        "repo": "libft",
        "rev": "f38586951e214463c53299d099941026eee61898",
        "type": "github"
      },
      "original": {
        "owner": "vinicius507",
        "repo": "libft",
        "type": "github"
      }
    },
    "nixpkgs": {
      "locked": {
        "lastModified": 1711668574,
        "narHash": "sha256-u1dfs0ASQIEr1icTVrsKwg2xToIpn7ZXxW3RHfHxshg=",
        "path": "/nix/store/9fpv0kjq9a80isa1wkkvrdqsh9dpcn05-source",
        "rev": "219951b495fc2eac67b1456824cc1ec1fd2ee659",
        "revCount": 557104,
        "type": "path"
      },
      "original": {
        "id": "nixpkgs",
        "type": "indirect"
      }
    },
    "nixpkgs_2": {
      "locked": {
        "lastModified": 1711668574,
        "narHash": "sha256-u1dfs0ASQIEr1icTVrsKwg2xToIpn7ZXxW3RHfHxshg=",
        "path": "/nix/store/9fpv0kjq9a80isa1wkkvrdqsh9dpcn05-source",
        "rev": "219951b495fc2eac67b1456824cc1ec1fd2ee659",
        "revCount": 557104,
        "type": "path"
      },
      "original": {
        "id": "nixpkgs",
        "type": "indirect"
      }
    },
    "root": {
      "inputs": {
        "libft": "libft",
        "nixpkgs": "nixpkgs_2"
      }
    }
  },
  "root": "root",
  "version": 7
}
